<?xml version="1.0" encoding="utf-8"?>
<Project ToolsVersion="4.0" xmlns="http://schemas.microsoft.com/developer/msbuild/2003">
  <ItemGroup>
    <Filter Include="Source Files">
      <UniqueIdentifier>{4FC737F1-C7A5-4376-A066-2A32D752A2FF}</UniqueIdentifier>
      <Extensions>cpp;c;cc;cxx;def;odl;idl;hpj;bat;asm;asmx</Extensions>
    </Filter>
    <Filter Include="Resource Files">
      <UniqueIdentifier>{67DA6AB6-F800-4c08-8B7A-83BB121AAD01}</UniqueIdentifier>
      <Extensions>rc;ico;cur;bmp;dlg;rc2;rct;bin;rgs;gif;jpg;jpeg;jpe;resx;tiff;tif;png;wav;mfcribbon-ms</Extensions>
    </Filter>
    <Filter Include="Source Files\Entity">
      <UniqueIdentifier>{aa912bc7-9773-45e4-b093-3630a18bb86c}</UniqueIdentifier>
    </Filter>
    <Filter Include="Source Files\Components">
      <UniqueIdentifier>{90fb4d8d-d2cd-49ea-a92f-34021f659ef5}</UniqueIdentifier>
    </Filter>
    <Filter Include="Source Files\Math">
      <UniqueIdentifier>{5de634d7-0ede-46f3-8b56-656f7630e98a}</UniqueIdentifier>
    </Filter>
    <Filter Include="Source Files\Renderer">
      <UniqueIdentifier>{4f281010-de23-4d8c-b01b-89ec8e173fcb}</UniqueIdentifier>
    </Filter>
    <Filter Include="Source Files\WindowHandler">
      <UniqueIdentifier>{58ff12f6-9637-427d-a976-85b7fcb049ab}</UniqueIdentifier>
    </Filter>
    <Filter Include="Source Files\Renderer\DirectX">
      <UniqueIdentifier>{448a68fa-d1cf-45ca-8542-873be1872a68}</UniqueIdentifier>
    </Filter>
    <Filter Include="Source Files\WindowHandler\Windows">
      <UniqueIdentifier>{02d82038-0714-4d10-baa2-4193de802ff6}</UniqueIdentifier>
    </Filter>
  </ItemGroup>
  <ItemGroup>
    <ClCompile Include="Source\float2.cpp">
      <Filter>Source Files\Math</Filter>
    </ClCompile>
    <ClCompile Include="Source\float3.cpp">
      <Filter>Source Files\Math</Filter>
    </ClCompile>
    <ClCompile Include="Source\float4.cpp">
      <Filter>Source Files\Math</Filter>
    </ClCompile>
    <ClCompile Include="Source\Entity.cpp">
      <Filter>Source Files\Entity</Filter>
    </ClCompile>
    <ClCompile Include="Source\DXRenderer.cpp">
      <Filter>Source Files\Renderer\DirectX</Filter>
    </ClCompile>
    <ClCompile Include="Source\WindowHandler.cpp">
      <Filter>Source Files\WindowHandler\Windows</Filter>
    </ClCompile>
    <ClCompile Include="Source\DXBitmap.cpp">
      <Filter>Source Files\Renderer\DirectX</Filter>
    </ClCompile>
    <ClCompile Include="Source\main.cpp">
      <Filter>Source Files</Filter>
    </ClCompile>
  </ItemGroup>
  <ItemGroup>
    <ClInclude Include="Source\float2.h">
      <Filter>Source Files\Math</Filter>
    </ClInclude>
    <ClInclude Include="Source\float3.h">
      <Filter>Source Files\Math</Filter>
    </ClInclude>
    <ClInclude Include="Source\float4.h">
      <Filter>Source Files\Math</Filter>
    </ClInclude>
    <ClInclude Include="Source\Entity.h">
      <Filter>Source Files\Entity</Filter>
    </ClInclude>
    <ClInclude Include="Source\Renderer.h">
      <Filter>Source Files\Renderer</Filter>
    </ClInclude>
    <ClInclude Include="Source\WindowHandler.h">
      <Filter>Source Files\WindowHandler</Filter>
    </ClInclude>
    <ClInclude Include="source\config.h">
      <Filter>Source Files</Filter>
    </ClInclude>
    <ClInclude Include="Source\DXRenderer.h">
      <Filter>Source Files\Renderer\DirectX</Filter>
    </ClInclude>
    <ClInclude Include="Source\Bitmap.h">
      <Filter>Source Files\Renderer</Filter>
    </ClInclude>
  </ItemGroup>
</Project>